
Microsoft Visual Studio Solution File, Format Version 12.00
# Visual Studio Version 16
VisualStudioVersion = 16.0.32802.440
MinimumVisualStudioVersion = 10.0.40219.1
Project("{FAE04EC0-301F-11D3-BF4B-00C04F79EFBC}") = "Music Library", "Music Library\Music Library.csproj", "{A4F976F0-584B-4B84-BE29-978B2B441806}"
EndProject
Project("{FAE04EC0-301F-11D3-BF4B-00C04F79EFBC}") = "SongClassLibrary", "SongClassLibrary\SongClassLibrary.csproj", "{3CAD40A1-5C28-4E54-A866-1A07BE11163D}"
EndProject
Global
	GlobalSection(SolutionConfigurationPlatforms) = preSolution
		Debug|Any CPU = Debug|Any CPU
		Debug|x64 = Debug|x64
		Debug|x86 = Debug|x86
		Release|Any CPU = Release|Any CPU
		Release|x64 = Release|x64
		Release|x86 = Release|x86
	EndGlobalSection
	GlobalSection(ProjectConfigurationPlatforms) = postSolution
		{A4F976F0-584B-4B84-BE29-978B2B441806}.Debug|Any CPU.ActiveCfg = Debug|Any CPU
		{A4F976F0-584B-4B84-BE29-978B2B441806}.Debug|Any CPU.Build.0 = Debug|Any CPU
		{A4F976F0-584B-4B84-BE29-978B2B441806}.Debug|x64.ActiveCfg = Debug|Any CPU
		{A4F976F0-584B-4B84-BE29-978B2B441806}.Debug|x64.Build.0 = Debug|Any CPU
		{A4F976F0-584B-4B84-BE29-978B2B441806}.Debug|x86.ActiveCfg = Debug|Any CPU
		{A4F976F0-584B-4B84-BE29-978B2B441806}.Debug|x86.Build.0 = Debug|Any CPU
		{A4F976F0-584B-4B84-BE29-978B2B441806}.Release|Any CPU.ActiveCfg = Release|Any CPU
		{A4F976F0-584B-4B84-BE29-978B2B441806}.Release|Any CPU.Build.0 = Release|Any CPU
		{A4F976F0-584B-4B84-BE29-978B2B441806}.Release|x64.ActiveCfg = Release|Any CPU
		{A4F976F0-584B-4B84-BE29-978B2B441806}.Release|x64.Build.0 = Release|Any CPU
		{A4F976F0-584B-4B84-BE29-978B2B441806}.Release|x86.ActiveCfg = Release|Any CPU
		{A4F976F0-584B-4B84-BE29-978B2B441806}.Release|x86.Build.0 = Release|Any CPU
		{3CAD40A1-5C28-4E54-A866-1A07BE11163D}.Debug|Any CPU.ActiveCfg = Debug|Any CPU
		{3CAD40A1-5C28-4E54-A866-1A07BE11163D}.Debug|Any CPU.Build.0 = Debug|Any CPU
		{3CAD40A1-5C28-4E54-A866-1A07BE11163D}.Debug|x64.ActiveCfg = Debug|Any CPU
		{3CAD40A1-5C28-4E54-A866-1A07BE11163D}.Debug|x64.Build.0 = Debug|Any CPU
		{3CAD40A1-5C28-4E54-A866-1A07BE11163D}.Debug|x86.ActiveCfg = Debug|Any CPU
		{3CAD40A1-5C28-4E54-A866-1A07BE11163D}.Debug|x86.Build.0 = Debug|Any CPU
		{3CAD40A1-5C28-4E54-A866-1A07BE11163D}.Release|Any CPU.ActiveCfg = Release|Any CPU
		{3CAD40A1-5C28-4E54-A866-1A07BE11163D}.Release|Any CPU.Build.0 = Release|Any CPU
		{3CAD40A1-5C28-4E54-A866-1A07BE11163D}.Release|x64.ActiveCfg = Release|Any CPU
		{3CAD40A1-5C28-4E54-A866-1A07BE11163D}.Release|x64.Build.0 = Release|Any CPU
		{3CAD40A1-5C28-4E54-A866-1A07BE11163D}.Release|x86.ActiveCfg = Release|Any CPU
		{3CAD40A1-5C28-4E54-A866-1A07BE11163D}.Release|x86.Build.0 = Release|Any CPU
	EndGlobalSection
	GlobalSection(SolutionProperties) = preSolution
		HideSolutionNode = FALSE
	EndGlobalSection
	GlobalSection(ExtensibilityGlobals) = postSolution
		SolutionGuid = {B89E98D0-2954-42DD-B5B8-639587CAE5D4}
	EndGlobalSection
EndGlobal
