
Microsoft Visual Studio Solution File, Format Version 12.00
# Visual Studio Version 16
VisualStudioVersion = 16.0.32802.440
MinimumVisualStudioVersion = 10.0.40219.1
Project("{FAE04EC0-301F-11D3-BF4B-00C04F79EFBC}") = "HW2", "HW2\HW2.csproj", "{0245A359-86EB-437C-804D-0C103FFE5CBC}"
EndProject
Project("{FAE04EC0-301F-11D3-BF4B-00C04F79EFBC}") = "HW2UnitTest", "HW2UnitTest\HW2UnitTest.csproj", "{C73826CA-3A26-42B3-B98C-D5E0C21DD24D}"
EndProject
Global
	GlobalSection(SolutionConfigurationPlatforms) = preSolution
		Debug|Any CPU = Debug|Any CPU
		Release|Any CPU = Release|Any CPU
	EndGlobalSection
	GlobalSection(ProjectConfigurationPlatforms) = postSolution
		{0245A359-86EB-437C-804D-0C103FFE5CBC}.Debug|Any CPU.ActiveCfg = Debug|Any CPU
		{0245A359-86EB-437C-804D-0C103FFE5CBC}.Debug|Any CPU.Build.0 = Debug|Any CPU
		{0245A359-86EB-437C-804D-0C103FFE5CBC}.Release|Any CPU.ActiveCfg = Release|Any CPU
		{0245A359-86EB-437C-804D-0C103FFE5CBC}.Release|Any CPU.Build.0 = Release|Any CPU
		{C73826CA-3A26-42B3-B98C-D5E0C21DD24D}.Debug|Any CPU.ActiveCfg = Debug|Any CPU
		{C73826CA-3A26-42B3-B98C-D5E0C21DD24D}.Debug|Any CPU.Build.0 = Debug|Any CPU
		{C73826CA-3A26-42B3-B98C-D5E0C21DD24D}.Release|Any CPU.ActiveCfg = Release|Any CPU
		{C73826CA-3A26-42B3-B98C-D5E0C21DD24D}.Release|Any CPU.Build.0 = Release|Any CPU
	EndGlobalSection
	GlobalSection(SolutionProperties) = preSolution
		HideSolutionNode = FALSE
	EndGlobalSection
	GlobalSection(ExtensibilityGlobals) = postSolution
		SolutionGuid = {44BF2CFD-128B-4A0D-8E28-C5AFFE2B23E2}
	EndGlobalSection
EndGlobal
